// !$*UTF8*$!
{
	archiveVersion = 1;
	classes = {
	};
	objectVersion = 46;
	objects = {

/* Begin PBXBuildFile section */
		1BD587A01EACEE5700424B3B /* Recipe+CoreDataClass.swift in Sources */ = {isa = PBXBuildFile; fileRef = 1BD5879E1EACEE5700424B3B /* Recipe+CoreDataClass.swift */; };
		1BD587A11EACEE5700424B3B /* Recipe+CoreDataProperties.swift in Sources */ = {isa = PBXBuildFile; fileRef = 1BD5879F1EACEE5700424B3B /* Recipe+CoreDataProperties.swift */; };
		1BD587A31EACF41C00424B3B /* RecipeCell.swift in Sources */ = {isa = PBXBuildFile; fileRef = 1BD587A21EACF41C00424B3B /* RecipeCell.swift */; };
		1BD587A51EAD0F2A00424B3B /* CreateRecipeVC.swift in Sources */ = {isa = PBXBuildFile; fileRef = 1BD587A41EAD0F2A00424B3B /* CreateRecipeVC.swift */; };
		1BF49A101EA7F3D8009CCBB5 /* AppDelegate.swift in Sources */ = {isa = PBXBuildFile; fileRef = 1BF49A0F1EA7F3D8009CCBB5 /* AppDelegate.swift */; };
		1BF49A121EA7F3D8009CCBB5 /* ViewController.swift in Sources */ = {isa = PBXBuildFile; fileRef = 1BF49A111EA7F3D8009CCBB5 /* ViewController.swift */; };
		1BF49A151EA7F3D8009CCBB5 /* Main.storyboard in Resources */ = {isa = PBXBuildFile; fileRef = 1BF49A131EA7F3D8009CCBB5 /* Main.storyboard */; };
		1BF49A181EA7F3D8009CCBB5 /* Recipez.xcdatamodeld in Sources */ = {isa = PBXBuildFile; fileRef = 1BF49A161EA7F3D8009CCBB5 /* Recipez.xcdatamodeld */; };
		1BF49A1A1EA7F3D8009CCBB5 /* Assets.xcassets in Resources */ = {isa = PBXBuildFile; fileRef = 1BF49A191EA7F3D8009CCBB5 /* Assets.xcassets */; };
		1BF49A1D1EA7F3D8009CCBB5 /* LaunchScreen.storyboard in Resources */ = {isa = PBXBuildFile; fileRef = 1BF49A1B1EA7F3D8009CCBB5 /* LaunchScreen.storyboard */; };
/* End PBXBuildFile section */

/* Begin PBXFileReference section */
		1BD5879E1EACEE5700424B3B /* Recipe+CoreDataClass.swift */ = {isa = PBXFileReference; fileEncoding = 4; lastKnownFileType = sourcecode.swift; name = "Recipe+CoreDataClass.swift"; path = "../Recipe+CoreDataClass.swift"; sourceTree = "<group>"; };
		1BD5879F1EACEE5700424B3B /* Recipe+CoreDataProperties.swift */ = {isa = PBXFileReference; fileEncoding = 4; lastKnownFileType = sourcecode.swift; name = "Recipe+CoreDataProperties.swift"; path = "../Recipe+CoreDataProperties.swift"; sourceTree = "<group>"; };
		1BD587A21EACF41C00424B3B /* RecipeCell.swift */ = {isa = PBXFileReference; fileEncoding = 4; lastKnownFileType = sourcecode.swift; path = RecipeCell.swift; sourceTree = "<group>"; };
		1BD587A41EAD0F2A00424B3B /* CreateRecipeVC.swift */ = {isa = PBXFileReference; fileEncoding = 4; lastKnownFileType = sourcecode.swift; path = CreateRecipeVC.swift; sourceTree = "<group>"; };
		1BF49A0C1EA7F3D8009CCBB5 /* Recipez.app */ = {isa = PBXFileReference; explicitFileType = wrapper.application; includeInIndex = 0; path = Recipez.app; sourceTree = BUILT_PRODUCTS_DIR; };
		1BF49A0F1EA7F3D8009CCBB5 /* AppDelegate.swift */ = {isa = PBXFileReference; lastKnownFileType = sourcecode.swift; path = AppDelegate.swift; sourceTree = "<group>"; };
		1BF49A111EA7F3D8009CCBB5 /* ViewController.swift */ = {isa = PBXFileReference; lastKnownFileType = sourcecode.swift; path = ViewController.swift; sourceTree = "<group>"; };
		1BF49A141EA7F3D8009CCBB5 /* Base */ = {isa = PBXFileReference; lastKnownFileType = file.storyboard; name = Base; path = Base.lproj/Main.storyboard; sourceTree = "<group>"; };
		1BF49A171EA7F3D8009CCBB5 /* Recipez.xcdatamodel */ = {isa = PBXFileReference; lastKnownFileType = wrapper.xcdatamodel; path = Recipez.xcdatamodel; sourceTree = "<group>"; };
		1BF49A191EA7F3D8009CCBB5 /* Assets.xcassets */ = {isa = PBXFileReference; lastKnownFileType = folder.assetcatalog; path = Assets.xcassets; sourceTree = "<group>"; };
		1BF49A1C1EA7F3D8009CCBB5 /* Base */ = {isa = PBXFileReference; lastKnownFileType = file.storyboard; name = Base; path = Base.lproj/LaunchScreen.storyboard; sourceTree = "<group>"; };
		1BF49A1E1EA7F3D8009CCBB5 /* Info.plist */ = {isa = PBXFileReference; lastKnownFileType = text.plist.xml; path = Info.plist; sourceTree = "<group>"; };
/* End PBXFileReference section */

/* Begin PBXFrameworksBuildPhase section */
		1BF49A091EA7F3D8009CCBB5 /* Frameworks */ = {
			isa = PBXFrameworksBuildPhase;
			buildActionMask = 2147483647;
			files = (
			);
			runOnlyForDeploymentPostprocessing = 0;
		};
/* End PBXFrameworksBuildPhase section */

/* Begin PBXGroup section */
		1BF49A031EA7F3D8009CCBB5 = {
			isa = PBXGroup;
			children = (
				1BF49A0E1EA7F3D8009CCBB5 /* Recipez */,
				1BF49A0D1EA7F3D8009CCBB5 /* Products */,
			);
			sourceTree = "<group>";
		};
		1BF49A0D1EA7F3D8009CCBB5 /* Products */ = {
			isa = PBXGroup;
			children = (
				1BF49A0C1EA7F3D8009CCBB5 /* Recipez.app */,
			);
			name = Products;
			sourceTree = "<group>";
		};
		1BF49A0E1EA7F3D8009CCBB5 /* Recipez */ = {
			isa = PBXGroup;
			children = (
				1BF49A261EA80858009CCBB5 /* Controller */,
				1BF49A251EA8084E009CCBB5 /* View */,
				1BF49A241EA80836009CCBB5 /* Model */,
				1BF49A0F1EA7F3D8009CCBB5 /* AppDelegate.swift */,
				1BF49A131EA7F3D8009CCBB5 /* Main.storyboard */,
				1BF49A191EA7F3D8009CCBB5 /* Assets.xcassets */,
				1BF49A1B1EA7F3D8009CCBB5 /* LaunchScreen.storyboard */,
				1BF49A1E1EA7F3D8009CCBB5 /* Info.plist */,
				1BF49A161EA7F3D8009CCBB5 /* Recipez.xcdatamodeld */,
			);
			path = Recipez;
			sourceTree = "<group>";
		};
		1BF49A241EA80836009CCBB5 /* Model */ = {
			isa = PBXGroup;
			children = (
				1BD5879E1EACEE5700424B3B /* Recipe+CoreDataClass.swift */,
				1BD5879F1EACEE5700424B3B /* Recipe+CoreDataProperties.swift */,
			);
			name = Model;
			sourceTree = "<group>";
		};
		1BF49A251EA8084E009CCBB5 /* View */ = {
			isa = PBXGroup;
			children = (
				1BD587A21EACF41C00424B3B /* RecipeCell.swift */,
			);
			name = View;
			sourceTree = "<group>";
		};
		1BF49A261EA80858009CCBB5 /* Controller */ = {
			isa = PBXGroup;
			children = (
				1BF49A111EA7F3D8009CCBB5 /* ViewController.swift */,
				1BD587A41EAD0F2A00424B3B /* CreateRecipeVC.swift */,
			);
			name = Controller;
			sourceTree = "<group>";
		};
/* End PBXGroup section */

/* Begin PBXNativeTarget section */
		1BF49A0B1EA7F3D8009CCBB5 /* Recipez */ = {
			isa = PBXNativeTarget;
			buildConfigurationList = 1BF49A211EA7F3D8009CCBB5 /* Build configuration list for PBXNativeTarget "Recipez" */;
			buildPhases = (
				1BF49A081EA7F3D8009CCBB5 /* Sources */,
				1BF49A091EA7F3D8009CCBB5 /* Frameworks */,
				1BF49A0A1EA7F3D8009CCBB5 /* Resources */,
			);
			buildRules = (
			);
			dependencies = (
			);
			name = Recipez;
			productName = Recipez;
			productReference = 1BF49A0C1EA7F3D8009CCBB5 /* Recipez.app */;
			productType = "com.apple.product-type.application";
		};
/* End PBXNativeTarget section */

/* Begin PBXProject section */
		1BF49A041EA7F3D8009CCBB5 /* Project object */ = {
			isa = PBXProject;
			attributes = {
				LastSwiftUpdateCheck = 0830;
				LastUpgradeCheck = 0830;
				ORGANIZATIONNAME = "Mehmet Eroğlu";
				TargetAttributes = {
					1BF49A0B1EA7F3D8009CCBB5 = {
						CreatedOnToolsVersion = 8.3.2;
						ProvisioningStyle = Automatic;
					};
				};
			};
			buildConfigurationList = 1BF49A071EA7F3D8009CCBB5 /* Build configuration list for PBXProject "Recipez" */;
			compatibilityVersion = "Xcode 3.2";
			developmentRegion = English;
			hasScannedForEncodings = 0;
			knownRegions = (
				en,
				Base,
			);
			mainGroup = 1BF49A031EA7F3D8009CCBB5;
			productRefGroup = 1BF49A0D1EA7F3D8009CCBB5 /* Products */;
			projectDirPath = "";
			projectRoot = "";
			targets = (
				1BF49A0B1EA7F3D8009CCBB5 /* Recipez */,
			);
		};
/* End PBXProject section */

/* Begin PBXResourcesBuildPhase section */
		1BF49A0A1EA7F3D8009CCBB5 /* Resources */ = {
			isa = PBXResourcesBuildPhase;
			buildActionMask = 2147483647;
			files = (
				1BF49A1D1EA7F3D8009CCBB5 /* LaunchScreen.storyboard in Resources */,
				1BF49A1A1EA7F3D8009CCBB5 /* Assets.xcassets in Resources */,
				1BF49A151EA7F3D8009CCBB5 /* Main.storyboard in Resources */,
			);
			runOnlyForDeploymentPostprocessing = 0;
		};
/* End PBXResourcesBuildPhase section */

/* Begin PBXSourcesBuildPhase section */
		1BF49A081EA7F3D8009CCBB5 /* Sources */ = {
			isa = PBXSourcesBuildPhase;
			buildActionMask = 2147483647;
			files = (
				1BD587A11EACEE5700424B3B /* Recipe+CoreDataProperties.swift in Sources */,
				1BF49A121EA7F3D8009CCBB5 /* ViewController.swift in Sources */,
				1BD587A01EACEE5700424B3B /* Recipe+CoreDataClass.swift in Sources */,
				1BD587A31EACF41C00424B3B /* RecipeCell.swift in Sources */,
				1BD587A51EAD0F2A00424B3B /* CreateRecipeVC.swift in Sources */,
				1BF49A101EA7F3D8009CCBB5 /* AppDelegate.swift in Sources */,
				1BF49A181EA7F3D8009CCBB5 /* Recipez.xcdatamodeld in Sources */,
			);
			runOnlyForDeploymentPostprocessing = 0;
		};
/* End PBXSourcesBuildPhase section */

/* Begin PBXVariantGroup section */
		1BF49A131EA7F3D8009CCBB5 /* Main.storyboard */ = {
			isa = PBXVariantGroup;
			children = (
				1BF49A141EA7F3D8009CCBB5 /* Base */,
			);
			name = Main.storyboard;
			sourceTree = "<group>";
		};
		1BF49A1B1EA7F3D8009CCBB5 /* LaunchScreen.storyboard */ = {
			isa = PBXVariantGroup;
			children = (
				1BF49A1C1EA7F3D8009CCBB5 /* Base */,
			);
			name = LaunchScreen.storyboard;
			sourceTree = "<group>";
		};
/* End PBXVariantGroup section */

/* Begin XCBuildConfiguration section */
		1BF49A1F1EA7F3D8009CCBB5 /* Debug */ = {
			isa = XCBuildConfiguration;
			buildSettings = {
				ALWAYS_SEARCH_USER_PATHS = NO;
				CLANG_ANALYZER_NONNULL = YES;
				CLANG_ANALYZER_NUMBER_OBJECT_CONVERSION = YES_AGGRESSIVE;
				CLANG_CXX_LANGUAGE_STANDARD = "gnu++0x";
				CLANG_CXX_LIBRARY = "libc++";
				CLANG_ENABLE_MODULES = YES;
				CLANG_ENABLE_OBJC_ARC = YES;
				CLANG_WARN_BOOL_CONVERSION = YES;
				CLANG_WARN_CONSTANT_CONVERSION = YES;
				CLANG_WARN_DIRECT_OBJC_ISA_USAGE = YES_ERROR;
				CLANG_WARN_DOCUMENTATION_COMMENTS = YES;
				CLANG_WARN_EMPTY_BODY = YES;
				CLANG_WARN_ENUM_CONVERSION = YES;
				CLANG_WARN_INFINITE_RECURSION = YES;
				CLANG_WARN_INT_CONVERSION = YES;
				CLANG_WARN_OBJC_ROOT_CLASS = YES_ERROR;
				CLANG_WARN_SUSPICIOUS_MOVE = YES;
				CLANG_WARN_UNREACHABLE_CODE = YES;
				CLANG_WARN__DUPLICATE_METHOD_MATCH = YES;
				"CODE_SIGN_IDENTITY[sdk=iphoneos*]" = "iPhone Developer";
				COPY_PHASE_STRIP = NO;
				DEBUG_INFORMATION_FORMAT = dwarf;
				ENABLE_STRICT_OBJC_MSGSEND = YES;
				ENABLE_TESTABILITY = YES;
				GCC_C_LANGUAGE_STANDARD = gnu99;
				GCC_DYNAMIC_NO_PIC = NO;
				GCC_NO_COMMON_BLOCKS = YES;
				GCC_OPTIMIZATION_LEVEL = 0;
				GCC_PREPROCESSOR_DEFINITIONS = (
					"DEBUG=1",
					"$(inherited)",
				);
				GCC_WARN_64_TO_32_BIT_CONVERSION = YES;
				GCC_WARN_ABOUT_RETURN_TYPE = YES_ERROR;
				GCC_WARN_UNDECLARED_SELECTOR = YES;
				GCC_WARN_UNINITIALIZED_AUTOS = YES_AGGRESSIVE;
				GCC_WARN_UNUSED_FUNCTION = YES;
				GCC_WARN_UNUSED_VARIABLE = YES;
				IPHONEOS_DEPLOYMENT_TARGET = 10.3;
				MTL_ENABLE_DEBUG_INFO = YES;
				ONLY_ACTIVE_ARCH = YES;
				SDKROOT = iphoneos;
				SWIFT_ACTIVE_COMPILATION_CONDITIONS = DEBUG;
				SWIFT_OPTIMIZATION_LEVEL = "-Onone";
				TARGETED_DEVICE_FAMILY = "1,2";
			};
			name = Debug;
		};
		1BF49A201EA7F3D8009CCBB5 /* Release */ = {
			isa = XCBuildConfiguration;
			buildSettings = {
				ALWAYS_SEARCH_USER_PATHS = NO;
				CLANG_ANALYZER_NONNULL = YES;
				CLANG_ANALYZER_NUMBER_OBJECT_CONVERSION = YES_AGGRESSIVE;
				CLANG_CXX_LANGUAGE_STANDARD = "gnu++0x";
				CLANG_CXX_LIBRARY = "libc++";
				CLANG_ENABLE_MODULES = YES;
				CLANG_ENABLE_OBJC_ARC = YES;
				CLANG_WARN_BOOL_CONVERSION = YES;
				CLANG_WARN_CONSTANT_CONVERSION = YES;
				CLANG_WARN_DIRECT_OBJC_ISA_USAGE = YES_ERROR;
				CLANG_WARN_DOCUMENTATION_COMMENTS = YES;
				CLANG_WARN_EMPTY_BODY = YES;
				CLANG_WARN_ENUM_CONVERSION = YES;
				CLANG_WARN_INFINITE_RECURSION = YES;
				CLANG_WARN_INT_CONVERSION = YES;
				CLANG_WARN_OBJC_ROOT_CLASS = YES_ERROR;
				CLANG_WARN_SUSPICIOUS_MOVE = YES;
				CLANG_WARN_UNREACHABLE_CODE = YES;
				CLANG_WARN__DUPLICATE_METHOD_MATCH = YES;
				"CODE_SIGN_IDENTITY[sdk=iphoneos*]" = "iPhone Developer";
				COPY_PHASE_STRIP = NO;
				DEBUG_INFORMATION_FORMAT = "dwarf-with-dsym";
				ENABLE_NS_ASSERTIONS = NO;
				ENABLE_STRICT_OBJC_MSGSEND = YES;
				GCC_C_LANGUAGE_STANDARD = gnu99;
				GCC_NO_COMMON_BLOCKS = YES;
				GCC_WARN_64_TO_32_BIT_CONVERSION = YES;
				GCC_WARN_ABOUT_RETURN_TYPE = YES_ERROR;
				GCC_WARN_UNDECLARED_SELECTOR = YES;
				GCC_WARN_UNINITIALIZED_AUTOS = YES_AGGRESSIVE;
				GCC_WARN_UNUSED_FUNCTION = YES;
				GCC_WARN_UNUSED_VARIABLE = YES;
				IPHONEOS_DEPLOYMENT_TARGET = 10.3;
				MTL_ENABLE_DEBUG_INFO = NO;
				SDKROOT = iphoneos;
				SWIFT_OPTIMIZATION_LEVEL = "-Owholemodule";
				TARGETED_DEVICE_FAMILY = "1,2";
				VALIDATE_PRODUCT = YES;
			};
			name = Release;
		};
		1BF49A221EA7F3D8009CCBB5 /* Debug */ = {
			isa = XCBuildConfiguration;
			buildSettings = {
				ASSETCATALOG_COMPILER_APPICON_NAME = AppIcon;
				INFOPLIST_FILE = Recipez/Info.plist;
				LD_RUNPATH_SEARCH_PATHS = "$(inherited) @executable_path/Frameworks";
				PRODUCT_BUNDLE_IDENTIFIER = com.Recipez;
				PRODUCT_NAME = "$(TARGET_NAME)";
				SWIFT_VERSION = 3.0;
			};
			name = Debug;
		};
		1BF49A231EA7F3D8009CCBB5 /* Release */ = {
			isa = XCBuildConfiguration;
			buildSettings = {
				ASSETCATALOG_COMPILER_APPICON_NAME = AppIcon;
				INFOPLIST_FILE = Recipez/Info.plist;
				LD_RUNPATH_SEARCH_PATHS = "$(inherited) @executable_path/Frameworks";
				PRODUCT_BUNDLE_IDENTIFIER = com.Recipez;
				PRODUCT_NAME = "$(TARGET_NAME)";
				SWIFT_VERSION = 3.0;
			};
			name = Release;
		};
/* End XCBuildConfiguration section */

/* Begin XCConfigurationList section */
		1BF49A071EA7F3D8009CCBB5 /* Build configuration list for PBXProject "Recipez" */ = {
			isa = XCConfigurationList;
			buildConfigurations = (
				1BF49A1F1EA7F3D8009CCBB5 /* Debug */,
				1BF49A201EA7F3D8009CCBB5 /* Release */,
			);
			defaultConfigurationIsVisible = 0;
			defaultConfigurationName = Release;
		};
		1BF49A211EA7F3D8009CCBB5 /* Build configuration list for PBXNativeTarget "Recipez" */ = {
			isa = XCConfigurationList;
			buildConfigurations = (
				1BF49A221EA7F3D8009CCBB5 /* Debug */,
				1BF49A231EA7F3D8009CCBB5 /* Release */,
			);
			defaultConfigurationIsVisible = 0;
			defaultConfigurationName = Release;
		};
/* End XCConfigurationList section */

/* Begin XCVersionGroup section */
		1BF49A161EA7F3D8009CCBB5 /* Recipez.xcdatamodeld */ = {
			isa = XCVersionGroup;
			children = (
				1BF49A171EA7F3D8009CCBB5 /* Recipez.xcdatamodel */,
			);
			currentVersion = 1BF49A171EA7F3D8009CCBB5 /* Recipez.xcdatamodel */;
			path = Recipez.xcdatamodeld;
			sourceTree = "<group>";
			versionGroupType = wrapper.xcdatamodel;
		};
/* End XCVersionGroup section */
	};
	rootObject = 1BF49A041EA7F3D8009CCBB5 /* Project object */;
}
